
Microsoft Visual Studio Solution File, Format Version 11.00
# Visual Studio 2010
Project("{F184B08F-C81C-45F6-A57F-5ABD9991F28F}") = "Contador Infolite", "Contador Infolite.vbproj", "{6F10B929-EEC7-41F6-8EBF-2033595AB2F8}"
EndProject
Project("{54435603-DBB4-11D2-8724-00A0C9A8B90C}") = "Instalador Contador Infolite", "..\Instalador Contador Infolite\Instalador Contador Infolite.vdproj", "{E3A2C760-2E6A-449B-8AA2-167B56CAE0EB}"
EndProject
Global
	GlobalSection(SolutionConfigurationPlatforms) = preSolution
		Debug|x86 = Debug|x86
		Release|x86 = Release|x86
	EndGlobalSection
	GlobalSection(ProjectConfigurationPlatforms) = postSolution
		{6F10B929-EEC7-41F6-8EBF-2033595AB2F8}.Debug|x86.ActiveCfg = Debug|x86
		{6F10B929-EEC7-41F6-8EBF-2033595AB2F8}.Debug|x86.Build.0 = Debug|x86
		{6F10B929-EEC7-41F6-8EBF-2033595AB2F8}.Release|x86.ActiveCfg = Release|x86
		{6F10B929-EEC7-41F6-8EBF-2033595AB2F8}.Release|x86.Build.0 = Release|x86
		{E3A2C760-2E6A-449B-8AA2-167B56CAE0EB}.Debug|x86.ActiveCfg = Debug
		{E3A2C760-2E6A-449B-8AA2-167B56CAE0EB}.Release|x86.ActiveCfg = Release
	EndGlobalSection
	GlobalSection(SolutionProperties) = preSolution
		HideSolutionNode = FALSE
	EndGlobalSection
EndGlobal
